
Microsoft Visual Studio Solution File, Format Version 12.00
# Visual Studio 15
VisualStudioVersion = 15.0.27130.2010
MinimumVisualStudioVersion = 10.0.40219.1
Project("{FAE04EC0-301F-11D3-BF4B-00C04F79EFBC}") = "TradingVLU", "TradingVLU\TradingVLU.csproj", "{6AF3AF31-0A63-4494-976C-86E737F01E8D}"
EndProject
Project("{FAE04EC0-301F-11D3-BF4B-00C04F79EFBC}") = "TradingVLU.Tests", "TradingVLU.Tests\TradingVLU.Tests.csproj", "{9488DE98-6029-4E5A-A4D5-FE3D2347524E}"
EndProject
Global
	GlobalSection(SolutionConfigurationPlatforms) = preSolution
		Debug|Any CPU = Debug|Any CPU
		Release|Any CPU = Release|Any CPU
	EndGlobalSection
	GlobalSection(ProjectConfigurationPlatforms) = postSolution
		{6AF3AF31-0A63-4494-976C-86E737F01E8D}.Debug|Any CPU.ActiveCfg = Debug|Any CPU
		{6AF3AF31-0A63-4494-976C-86E737F01E8D}.Debug|Any CPU.Build.0 = Debug|Any CPU
		{6AF3AF31-0A63-4494-976C-86E737F01E8D}.Release|Any CPU.ActiveCfg = Release|Any CPU
		{6AF3AF31-0A63-4494-976C-86E737F01E8D}.Release|Any CPU.Build.0 = Release|Any CPU
		{9488DE98-6029-4E5A-A4D5-FE3D2347524E}.Debug|Any CPU.ActiveCfg = Debug|Any CPU
		{9488DE98-6029-4E5A-A4D5-FE3D2347524E}.Debug|Any CPU.Build.0 = Debug|Any CPU
		{9488DE98-6029-4E5A-A4D5-FE3D2347524E}.Release|Any CPU.ActiveCfg = Release|Any CPU
		{9488DE98-6029-4E5A-A4D5-FE3D2347524E}.Release|Any CPU.Build.0 = Release|Any CPU
	EndGlobalSection
	GlobalSection(SolutionProperties) = preSolution
		HideSolutionNode = FALSE
	EndGlobalSection
	GlobalSection(ExtensibilityGlobals) = postSolution
		SolutionGuid = {0ED7113A-8FE3-4342-A3F2-72490D637D19}
	EndGlobalSection
EndGlobal
